
Microsoft Visual Studio Solution File, Format Version 12.00
# Visual Studio Version 17
VisualStudioVersion = 17.14.36705.20 d17.14
MinimumVisualStudioVersion = 10.0.40219.1
Project("{FAE04EC0-301F-11D3-BF4B-00C04F79EFBC}") = "DVLDUI", "DVLDUI\DVLDUI.csproj", "{B66D28DD-5671-42F6-B80B-96012DD49598}"
EndProject
Project("{FAE04EC0-301F-11D3-BF4B-00C04F79EFBC}") = "DVLDBusinessLayar", "DVLDBusinessLayar\DVLDBusinessLayar.csproj", "{AD66E141-1EDC-4FBF-8D96-72641984B5FF}"
EndProject
Project("{FAE04EC0-301F-11D3-BF4B-00C04F79EFBC}") = "DVLDDataAccessLayer", "DVLDDataAccessLayer\DVLDDataAccessLayer.csproj", "{A1C9DD6F-3E6A-4FA7-A284-CC08AAF0C60E}"
EndProject
Global
	GlobalSection(SolutionConfigurationPlatforms) = preSolution
		Debug|Any CPU = Debug|Any CPU
		Release|Any CPU = Release|Any CPU
	EndGlobalSection
	GlobalSection(ProjectConfigurationPlatforms) = postSolution
		{B66D28DD-5671-42F6-B80B-96012DD49598}.Debug|Any CPU.ActiveCfg = Debug|Any CPU
		{B66D28DD-5671-42F6-B80B-96012DD49598}.Debug|Any CPU.Build.0 = Debug|Any CPU
		{B66D28DD-5671-42F6-B80B-96012DD49598}.Release|Any CPU.ActiveCfg = Release|Any CPU
		{B66D28DD-5671-42F6-B80B-96012DD49598}.Release|Any CPU.Build.0 = Release|Any CPU
		{AD66E141-1EDC-4FBF-8D96-72641984B5FF}.Debug|Any CPU.ActiveCfg = Debug|Any CPU
		{AD66E141-1EDC-4FBF-8D96-72641984B5FF}.Debug|Any CPU.Build.0 = Debug|Any CPU
		{AD66E141-1EDC-4FBF-8D96-72641984B5FF}.Release|Any CPU.ActiveCfg = Release|Any CPU
		{AD66E141-1EDC-4FBF-8D96-72641984B5FF}.Release|Any CPU.Build.0 = Release|Any CPU
		{A1C9DD6F-3E6A-4FA7-A284-CC08AAF0C60E}.Debug|Any CPU.ActiveCfg = Debug|Any CPU
		{A1C9DD6F-3E6A-4FA7-A284-CC08AAF0C60E}.Debug|Any CPU.Build.0 = Debug|Any CPU
		{A1C9DD6F-3E6A-4FA7-A284-CC08AAF0C60E}.Release|Any CPU.ActiveCfg = Release|Any CPU
		{A1C9DD6F-3E6A-4FA7-A284-CC08AAF0C60E}.Release|Any CPU.Build.0 = Release|Any CPU
	EndGlobalSection
	GlobalSection(SolutionProperties) = preSolution
		HideSolutionNode = FALSE
	EndGlobalSection
	GlobalSection(ExtensibilityGlobals) = postSolution
		SolutionGuid = {773EADF9-832D-42F6-935F-8B37E217304E}
	EndGlobalSection
EndGlobal
